// !$*UTF8*$!
{
	archiveVersion = 1;
	classes = {
	};
	objectVersion = 50;
	objects = {

/* Begin PBXBuildFile section */
		E0773DDD217B5A210004A46A /* AppDelegate.swift in Sources */ = {isa = PBXBuildFile; fileRef = E0773DDC217B5A210004A46A /* AppDelegate.swift */; };
		E0773DDF217B5A210004A46A /* ViewController.swift in Sources */ = {isa = PBXBuildFile; fileRef = E0773DDE217B5A210004A46A /* ViewController.swift */; };
		E0773DE2217B5A210004A46A /* Main.storyboard in Resources */ = {isa = PBXBuildFile; fileRef = E0773DE0217B5A210004A46A /* Main.storyboard */; };
		E0773DE4217B5A220004A46A /* Assets.xcassets in Resources */ = {isa = PBXBuildFile; fileRef = E0773DE3217B5A220004A46A /* Assets.xcassets */; };
		E0773DE7217B5A220004A46A /* LaunchScreen.storyboard in Resources */ = {isa = PBXBuildFile; fileRef = E0773DE5217B5A220004A46A /* LaunchScreen.storyboard */; };
		E0773DF2217B5A230004A46A /* pitchPerfectTests.swift in Sources */ = {isa = PBXBuildFile; fileRef = E0773DF1217B5A230004A46A /* pitchPerfectTests.swift */; };
		E0773DFD217B5A230004A46A /* pitchPerfectUITests.swift in Sources */ = {isa = PBXBuildFile; fileRef = E0773DFC217B5A230004A46A /* pitchPerfectUITests.swift */; };
/* End PBXBuildFile section */

/* Begin PBXContainerItemProxy section */
		E0773DEE217B5A230004A46A /* PBXContainerItemProxy */ = {
			isa = PBXContainerItemProxy;
			containerPortal = E0773DD1217B5A210004A46A /* Project object */;
			proxyType = 1;
			remoteGlobalIDString = E0773DD8217B5A210004A46A;
			remoteInfo = pitchPerfect;
		};
		E0773DF9217B5A230004A46A /* PBXContainerItemProxy */ = {
			isa = PBXContainerItemProxy;
			containerPortal = E0773DD1217B5A210004A46A /* Project object */;
			proxyType = 1;
			remoteGlobalIDString = E0773DD8217B5A210004A46A;
			remoteInfo = pitchPerfect;
		};
/* End PBXContainerItemProxy section */

/* Begin PBXFileReference section */
		E0773DD9217B5A210004A46A /* pitchPerfect.app */ = {isa = PBXFileReference; explicitFileType = wrapper.application; includeInIndex = 0; path = pitchPerfect.app; sourceTree = BUILT_PRODUCTS_DIR; };
		E0773DDC217B5A210004A46A /* AppDelegate.swift */ = {isa = PBXFileReference; lastKnownFileType = sourcecode.swift; path = AppDelegate.swift; sourceTree = "<group>"; };
		E0773DDE217B5A210004A46A /* ViewController.swift */ = {isa = PBXFileReference; lastKnownFileType = sourcecode.swift; path = ViewController.swift; sourceTree = "<group>"; };
		E0773DE1217B5A210004A46A /* Base */ = {isa = PBXFileReference; lastKnownFileType = file.storyboard; name = Base; path = Base.lproj/Main.storyboard; sourceTree = "<group>"; };
		E0773DE3217B5A220004A46A /* Assets.xcassets */ = {isa = PBXFileReference; lastKnownFileType = folder.assetcatalog; path = Assets.xcassets; sourceTree = "<group>"; };
		E0773DE6217B5A220004A46A /* Base */ = {isa = PBXFileReference; lastKnownFileType = file.storyboard; name = Base; path = Base.lproj/LaunchScreen.storyboard; sourceTree = "<group>"; };
		E0773DE8217B5A220004A46A /* Info.plist */ = {isa = PBXFileReference; lastKnownFileType = text.plist.xml; path = Info.plist; sourceTree = "<group>"; };
		E0773DED217B5A230004A46A /* pitchPerfectTests.xctest */ = {isa = PBXFileReference; explicitFileType = wrapper.cfbundle; includeInIndex = 0; path = pitchPerfectTests.xctest; sourceTree = BUILT_PRODUCTS_DIR; };
		E0773DF1217B5A230004A46A /* pitchPerfectTests.swift */ = {isa = PBXFileReference; lastKnownFileType = sourcecode.swift; path = pitchPerfectTests.swift; sourceTree = "<group>"; };
		E0773DF3217B5A230004A46A /* Info.plist */ = {isa = PBXFileReference; lastKnownFileType = text.plist.xml; path = Info.plist; sourceTree = "<group>"; };
		E0773DF8217B5A230004A46A /* pitchPerfectUITests.xctest */ = {isa = PBXFileReference; explicitFileType = wrapper.cfbundle; includeInIndex = 0; path = pitchPerfectUITests.xctest; sourceTree = BUILT_PRODUCTS_DIR; };
		E0773DFC217B5A230004A46A /* pitchPerfectUITests.swift */ = {isa = PBXFileReference; lastKnownFileType = sourcecode.swift; path = pitchPerfectUITests.swift; sourceTree = "<group>"; };
		E0773DFE217B5A230004A46A /* Info.plist */ = {isa = PBXFileReference; lastKnownFileType = text.plist.xml; path = Info.plist; sourceTree = "<group>"; };
/* End PBXFileReference section */

/* Begin PBXFrameworksBuildPhase section */
		E0773DD6217B5A210004A46A /* Frameworks */ = {
			isa = PBXFrameworksBuildPhase;
			buildActionMask = 2147483647;
			files = (
			);
			runOnlyForDeploymentPostprocessing = 0;
		};
		E0773DEA217B5A230004A46A /* Frameworks */ = {
			isa = PBXFrameworksBuildPhase;
			buildActionMask = 2147483647;
			files = (
			);
			runOnlyForDeploymentPostprocessing = 0;
		};
		E0773DF5217B5A230004A46A /* Frameworks */ = {
			isa = PBXFrameworksBuildPhase;
			buildActionMask = 2147483647;
			files = (
			);
			runOnlyForDeploymentPostprocessing = 0;
		};
/* End PBXFrameworksBuildPhase section */

/* Begin PBXGroup section */
		E0773DD0217B5A210004A46A = {
			isa = PBXGroup;
			children = (
				E0773DDB217B5A210004A46A /* pitchPerfect */,
				E0773DF0217B5A230004A46A /* pitchPerfectTests */,
				E0773DFB217B5A230004A46A /* pitchPerfectUITests */,
				E0773DDA217B5A210004A46A /* Products */,
			);
			sourceTree = "<group>";
		};
		E0773DDA217B5A210004A46A /* Products */ = {
			isa = PBXGroup;
			children = (
				E0773DD9217B5A210004A46A /* pitchPerfect.app */,
				E0773DED217B5A230004A46A /* pitchPerfectTests.xctest */,
				E0773DF8217B5A230004A46A /* pitchPerfectUITests.xctest */,
			);
			name = Products;
			sourceTree = "<group>";
		};
		E0773DDB217B5A210004A46A /* pitchPerfect */ = {
			isa = PBXGroup;
			children = (
				E0773DDC217B5A210004A46A /* AppDelegate.swift */,
				E0773DDE217B5A210004A46A /* ViewController.swift */,
				E0773DE0217B5A210004A46A /* Main.storyboard */,
				E0773DE3217B5A220004A46A /* Assets.xcassets */,
				E0773DE5217B5A220004A46A /* LaunchScreen.storyboard */,
				E0773DE8217B5A220004A46A /* Info.plist */,
			);
			path = pitchPerfect;
			sourceTree = "<group>";
		};
		E0773DF0217B5A230004A46A /* pitchPerfectTests */ = {
			isa = PBXGroup;
			children = (
				E0773DF1217B5A230004A46A /* pitchPerfectTests.swift */,
				E0773DF3217B5A230004A46A /* Info.plist */,
			);
			path = pitchPerfectTests;
			sourceTree = "<group>";
		};
		E0773DFB217B5A230004A46A /* pitchPerfectUITests */ = {
			isa = PBXGroup;
			children = (
				E0773DFC217B5A230004A46A /* pitchPerfectUITests.swift */,
				E0773DFE217B5A230004A46A /* Info.plist */,
			);
			path = pitchPerfectUITests;
			sourceTree = "<group>";
		};
/* End PBXGroup section */

/* Begin PBXNativeTarget section */
		E0773DD8217B5A210004A46A /* pitchPerfect */ = {
			isa = PBXNativeTarget;
			buildConfigurationList = E0773E01217B5A230004A46A /* Build configuration list for PBXNativeTarget "pitchPerfect" */;
			buildPhases = (
				E0773DD5217B5A210004A46A /* Sources */,
				E0773DD6217B5A210004A46A /* Frameworks */,
				E0773DD7217B5A210004A46A /* Resources */,
			);
			buildRules = (
			);
			dependencies = (
			);
			name = pitchPerfect;
			productName = pitchPerfect;
			productReference = E0773DD9217B5A210004A46A /* pitchPerfect.app */;
			productType = "com.apple.product-type.application";
		};
		E0773DEC217B5A230004A46A /* pitchPerfectTests */ = {
			isa = PBXNativeTarget;
			buildConfigurationList = E0773E04217B5A230004A46A /* Build configuration list for PBXNativeTarget "pitchPerfectTests" */;
			buildPhases = (
				E0773DE9217B5A230004A46A /* Sources */,
				E0773DEA217B5A230004A46A /* Frameworks */,
				E0773DEB217B5A230004A46A /* Resources */,
			);
			buildRules = (
			);
			dependencies = (
				E0773DEF217B5A230004A46A /* PBXTargetDependency */,
			);
			name = pitchPerfectTests;
			productName = pitchPerfectTests;
			productReference = E0773DED217B5A230004A46A /* pitchPerfectTests.xctest */;
			productType = "com.apple.product-type.bundle.unit-test";
		};
		E0773DF7217B5A230004A46A /* pitchPerfectUITests */ = {
			isa = PBXNativeTarget;
			buildConfigurationList = E0773E07217B5A230004A46A /* Build configuration list for PBXNativeTarget "pitchPerfectUITests" */;
			buildPhases = (
				E0773DF4217B5A230004A46A /* Sources */,
				E0773DF5217B5A230004A46A /* Frameworks */,
				E0773DF6217B5A230004A46A /* Resources */,
			);
			buildRules = (
			);
			dependencies = (
				E0773DFA217B5A230004A46A /* PBXTargetDependency */,
			);
			name = pitchPerfectUITests;
			productName = pitchPerfectUITests;
			productReference = E0773DF8217B5A230004A46A /* pitchPerfectUITests.xctest */;
			productType = "com.apple.product-type.bundle.ui-testing";
		};
/* End PBXNativeTarget section */

/* Begin PBXProject section */
		E0773DD1217B5A210004A46A /* Project object */ = {
			isa = PBXProject;
			attributes = {
				LastSwiftUpdateCheck = 1000;
				LastUpgradeCheck = 1000;
				ORGANIZATIONNAME = "Ahmad Alamoudi";
				TargetAttributes = {
					E0773DD8217B5A210004A46A = {
						CreatedOnToolsVersion = 10.0;
					};
					E0773DEC217B5A230004A46A = {
						CreatedOnToolsVersion = 10.0;
						TestTargetID = E0773DD8217B5A210004A46A;
					};
					E0773DF7217B5A230004A46A = {
						CreatedOnToolsVersion = 10.0;
						TestTargetID = E0773DD8217B5A210004A46A;
					};
				};
			};
			buildConfigurationList = E0773DD4217B5A210004A46A /* Build configuration list for PBXProject "pitchPerfect" */;
			compatibilityVersion = "Xcode 9.3";
			developmentRegion = en;
			hasScannedForEncodings = 0;
			knownRegions = (
				en,
				Base,
			);
			mainGroup = E0773DD0217B5A210004A46A;
			productRefGroup = E0773DDA217B5A210004A46A /* Products */;
			projectDirPath = "";
			projectRoot = "";
			targets = (
				E0773DD8217B5A210004A46A /* pitchPerfect */,
				E0773DEC217B5A230004A46A /* pitchPerfectTests */,
				E0773DF7217B5A230004A46A /* pitchPerfectUITests */,
			);
		};
/* End PBXProject section */

/* Begin PBXResourcesBuildPhase section */
		E0773DD7217B5A210004A46A /* Resources */ = {
			isa = PBXResourcesBuildPhase;
			buildActionMask = 2147483647;
			files = (
				E0773DE7217B5A220004A46A /* LaunchScreen.storyboard in Resources */,
				E0773DE4217B5A220004A46A /* Assets.xcassets in Resources */,
				E0773DE2217B5A210004A46A /* Main.storyboard in Resources */,
			);
			runOnlyForDeploymentPostprocessing = 0;
		};
		E0773DEB217B5A230004A46A /* Resources */ = {
			isa = PBXResourcesBuildPhase;
			buildActionMask = 2147483647;
			files = (
			);
			runOnlyForDeploymentPostprocessing = 0;
		};
		E0773DF6217B5A230004A46A /* Resources */ = {
			isa = PBXResourcesBuildPhase;
			buildActionMask = 2147483647;
			files = (
			);
			runOnlyForDeploymentPostprocessing = 0;
		};
/* End PBXResourcesBuildPhase section */

/* Begin PBXSourcesBuildPhase section */
		E0773DD5217B5A210004A46A /* Sources */ = {
			isa = PBXSourcesBuildPhase;
			buildActionMask = 2147483647;
			files = (
				E0773DDF217B5A210004A46A /* ViewController.swift in Sources */,
				E0773DDD217B5A210004A46A /* AppDelegate.swift in Sources */,
			);
			runOnlyForDeploymentPostprocessing = 0;
		};
		E0773DE9217B5A230004A46A /* Sources */ = {
			isa = PBXSourcesBuildPhase;
			buildActionMask = 2147483647;
			files = (
				E0773DF2217B5A230004A46A /* pitchPerfectTests.swift in Sources */,
			);
			runOnlyForDeploymentPostprocessing = 0;
		};
		E0773DF4217B5A230004A46A /* Sources */ = {
			isa = PBXSourcesBuildPhase;
			buildActionMask = 2147483647;
			files = (
				E0773DFD217B5A230004A46A /* pitchPerfectUITests.swift in Sources */,
			);
			runOnlyForDeploymentPostprocessing = 0;
		};
/* End PBXSourcesBuildPhase section */

/* Begin PBXTargetDependency section */
		E0773DEF217B5A230004A46A /* PBXTargetDependency */ = {
			isa = PBXTargetDependency;
			target = E0773DD8217B5A210004A46A /* pitchPerfect */;
			targetProxy = E0773DEE217B5A230004A46A /* PBXContainerItemProxy */;
		};
		E0773DFA217B5A230004A46A /* PBXTargetDependency */ = {
			isa = PBXTargetDependency;
			target = E0773DD8217B5A210004A46A /* pitchPerfect */;
			targetProxy = E0773DF9217B5A230004A46A /* PBXContainerItemProxy */;
		};
/* End PBXTargetDependency section */

/* Begin PBXVariantGroup section */
		E0773DE0217B5A210004A46A /* Main.storyboard */ = {
			isa = PBXVariantGroup;
			children = (
				E0773DE1217B5A210004A46A /* Base */,
			);
			name = Main.storyboard;
			sourceTree = "<group>";
		};
		E0773DE5217B5A220004A46A /* LaunchScreen.storyboard */ = {
			isa = PBXVariantGroup;
			children = (
				E0773DE6217B5A220004A46A /* Base */,
			);
			name = LaunchScreen.storyboard;
			sourceTree = "<group>";
		};
/* End PBXVariantGroup section */

/* Begin XCBuildConfiguration section */
		E0773DFF217B5A230004A46A /* Debug */ = {
			isa = XCBuildConfiguration;
			buildSettings = {
				ALWAYS_SEARCH_USER_PATHS = NO;
				CLANG_ANALYZER_NONNULL = YES;
				CLANG_ANALYZER_NUMBER_OBJECT_CONVERSION = YES_AGGRESSIVE;
				CLANG_CXX_LANGUAGE_STANDARD = "gnu++14";
				CLANG_CXX_LIBRARY = "libc++";
				CLANG_ENABLE_MODULES = YES;
				CLANG_ENABLE_OBJC_ARC = YES;
				CLANG_ENABLE_OBJC_WEAK = YES;
				CLANG_WARN_BLOCK_CAPTURE_AUTORELEASING = YES;
				CLANG_WARN_BOOL_CONVERSION = YES;
				CLANG_WARN_COMMA = YES;
				CLANG_WARN_CONSTANT_CONVERSION = YES;
				CLANG_WARN_DEPRECATED_OBJC_IMPLEMENTATIONS = YES;
				CLANG_WARN_DIRECT_OBJC_ISA_USAGE = YES_ERROR;
				CLANG_WARN_DOCUMENTATION_COMMENTS = YES;
				CLANG_WARN_EMPTY_BODY = YES;
				CLANG_WARN_ENUM_CONVERSION = YES;
				CLANG_WARN_INFINITE_RECURSION = YES;
				CLANG_WARN_INT_CONVERSION = YES;
				CLANG_WARN_NON_LITERAL_NULL_CONVERSION = YES;
				CLANG_WARN_OBJC_IMPLICIT_RETAIN_SELF = YES;
				CLANG_WARN_OBJC_LITERAL_CONVERSION = YES;
				CLANG_WARN_OBJC_ROOT_CLASS = YES_ERROR;
				CLANG_WARN_RANGE_LOOP_ANALYSIS = YES;
				CLANG_WARN_STRICT_PROTOTYPES = YES;
				CLANG_WARN_SUSPICIOUS_MOVE = YES;
				CLANG_WARN_UNGUARDED_AVAILABILITY = YES_AGGRESSIVE;
				CLANG_WARN_UNREACHABLE_CODE = YES;
				CLANG_WARN__DUPLICATE_METHOD_MATCH = YES;
				CODE_SIGN_IDENTITY = "iPhone Developer";
				COPY_PHASE_STRIP = NO;
				DEBUG_INFORMATION_FORMAT = dwarf;
				ENABLE_STRICT_OBJC_MSGSEND = YES;
				ENABLE_TESTABILITY = YES;
				GCC_C_LANGUAGE_STANDARD = gnu11;
				GCC_DYNAMIC_NO_PIC = NO;
				GCC_NO_COMMON_BLOCKS = YES;
				GCC_OPTIMIZATION_LEVEL = 0;
				GCC_PREPROCESSOR_DEFINITIONS = (
					"DEBUG=1",
					"$(inherited)",
				);
				GCC_WARN_64_TO_32_BIT_CONVERSION = YES;
				GCC_WARN_ABOUT_RETURN_TYPE = YES_ERROR;
				GCC_WARN_UNDECLARED_SELECTOR = YES;
				GCC_WARN_UNINITIALIZED_AUTOS = YES_AGGRESSIVE;
				GCC_WARN_UNUSED_FUNCTION = YES;
				GCC_WARN_UNUSED_VARIABLE = YES;
				IPHONEOS_DEPLOYMENT_TARGET = 12.0;
				MTL_ENABLE_DEBUG_INFO = INCLUDE_SOURCE;
				MTL_FAST_MATH = YES;
				ONLY_ACTIVE_ARCH = YES;
				SDKROOT = iphoneos;
				SWIFT_ACTIVE_COMPILATION_CONDITIONS = DEBUG;
				SWIFT_OPTIMIZATION_LEVEL = "-Onone";
			};
			name = Debug;
		};
		E0773E00217B5A230004A46A /* Release */ = {
			isa = XCBuildConfiguration;
			buildSettings = {
				ALWAYS_SEARCH_USER_PATHS = NO;
				CLANG_ANALYZER_NONNULL = YES;
				CLANG_ANALYZER_NUMBER_OBJECT_CONVERSION = YES_AGGRESSIVE;
				CLANG_CXX_LANGUAGE_STANDARD = "gnu++14";
				CLANG_CXX_LIBRARY = "libc++";
				CLANG_ENABLE_MODULES = YES;
				CLANG_ENABLE_OBJC_ARC = YES;
				CLANG_ENABLE_OBJC_WEAK = YES;
				CLANG_WARN_BLOCK_CAPTURE_AUTORELEASING = YES;
				CLANG_WARN_BOOL_CONVERSION = YES;
				CLANG_WARN_COMMA = YES;
				CLANG_WARN_CONSTANT_CONVERSION = YES;
				CLANG_WARN_DEPRECATED_OBJC_IMPLEMENTATIONS = YES;
				CLANG_WARN_DIRECT_OBJC_ISA_USAGE = YES_ERROR;
				CLANG_WARN_DOCUMENTATION_COMMENTS = YES;
				CLANG_WARN_EMPTY_BODY = YES;
				CLANG_WARN_ENUM_CONVERSION = YES;
				CLANG_WARN_INFINITE_RECURSION = YES;
				CLANG_WARN_INT_CONVERSION = YES;
				CLANG_WARN_NON_LITERAL_NULL_CONVERSION = YES;
				CLANG_WARN_OBJC_IMPLICIT_RETAIN_SELF = YES;
				CLANG_WARN_OBJC_LITERAL_CONVERSION = YES;
				CLANG_WARN_OBJC_ROOT_CLASS = YES_ERROR;
				CLANG_WARN_RANGE_LOOP_ANALYSIS = YES;
				CLANG_WARN_STRICT_PROTOTYPES = YES;
				CLANG_WARN_SUSPICIOUS_MOVE = YES;
				CLANG_WARN_UNGUARDED_AVAILABILITY = YES_AGGRESSIVE;
				CLANG_WARN_UNREACHABLE_CODE = YES;
				CLANG_WARN__DUPLICATE_METHOD_MATCH = YES;
				CODE_SIGN_IDENTITY = "iPhone Developer";
				COPY_PHASE_STRIP = NO;
				DEBUG_INFORMATION_FORMAT = "dwarf-with-dsym";
				ENABLE_NS_ASSERTIONS = NO;
				ENABLE_STRICT_OBJC_MSGSEND = YES;
				GCC_C_LANGUAGE_STANDARD = gnu11;
				GCC_NO_COMMON_BLOCKS = YES;
				GCC_WARN_64_TO_32_BIT_CONVERSION = YES;
				GCC_WARN_ABOUT_RETURN_TYPE = YES_ERROR;
				GCC_WARN_UNDECLARED_SELECTOR = YES;
				GCC_WARN_UNINITIALIZED_AUTOS = YES_AGGRESSIVE;
				GCC_WARN_UNUSED_FUNCTION = YES;
				GCC_WARN_UNUSED_VARIABLE = YES;
				IPHONEOS_DEPLOYMENT_TARGET = 12.0;
				MTL_ENABLE_DEBUG_INFO = NO;
				MTL_FAST_MATH = YES;
				SDKROOT = iphoneos;
				SWIFT_COMPILATION_MODE = wholemodule;
				SWIFT_OPTIMIZATION_LEVEL = "-O";
				VALIDATE_PRODUCT = YES;
			};
			name = Release;
		};
		E0773E02217B5A230004A46A /* Debug */ = {
			isa = XCBuildConfiguration;
			buildSettings = {
				ASSETCATALOG_COMPILER_APPICON_NAME = AppIcon;
				CODE_SIGN_STYLE = Automatic;
				INFOPLIST_FILE = pitchPerfect/Info.plist;
				LD_RUNPATH_SEARCH_PATHS = (
					"$(inherited)",
					"@executable_path/Frameworks",
				);
				PRODUCT_BUNDLE_IDENTIFIER = com.ahmad.pitchPerfect;
				PRODUCT_NAME = "$(TARGET_NAME)";
				SWIFT_VERSION = 4.2;
				TARGETED_DEVICE_FAMILY = "1,2";
			};
			name = Debug;
		};
		E0773E03217B5A230004A46A /* Release */ = {
			isa = XCBuildConfiguration;
			buildSettings = {
				ASSETCATALOG_COMPILER_APPICON_NAME = AppIcon;
				CODE_SIGN_STYLE = Automatic;
				INFOPLIST_FILE = pitchPerfect/Info.plist;
				LD_RUNPATH_SEARCH_PATHS = (
					"$(inherited)",
					"@executable_path/Frameworks",
				);
				PRODUCT_BUNDLE_IDENTIFIER = com.ahmad.pitchPerfect;
				PRODUCT_NAME = "$(TARGET_NAME)";
				SWIFT_VERSION = 4.2;
				TARGETED_DEVICE_FAMILY = "1,2";
			};
			name = Release;
		};
		E0773E05217B5A230004A46A /* Debug */ = {
			isa = XCBuildConfiguration;
			buildSettings = {
				ALWAYS_EMBED_SWIFT_STANDARD_LIBRARIES = YES;
				BUNDLE_LOADER = "$(TEST_HOST)";
				CODE_SIGN_STYLE = Automatic;
				INFOPLIST_FILE = pitchPerfectTests/Info.plist;
				LD_RUNPATH_SEARCH_PATHS = (
					"$(inherited)",
					"@executable_path/Frameworks",
					"@loader_path/Frameworks",
				);
				PRODUCT_BUNDLE_IDENTIFIER = com.ahmad.pitchPerfectTests;
				PRODUCT_NAME = "$(TARGET_NAME)";
				SWIFT_VERSION = 4.2;
				TARGETED_DEVICE_FAMILY = "1,2";
				TEST_HOST = "$(BUILT_PRODUCTS_DIR)/pitchPerfect.app/pitchPerfect";
			};
			name = Debug;
		};
		E0773E06217B5A230004A46A /* Release */ = {
			isa = XCBuildConfiguration;
			buildSettings = {
				ALWAYS_EMBED_SWIFT_STANDARD_LIBRARIES = YES;
				BUNDLE_LOADER = "$(TEST_HOST)";
				CODE_SIGN_STYLE = Automatic;
				INFOPLIST_FILE = pitchPerfectTests/Info.plist;
				LD_RUNPATH_SEARCH_PATHS = (
					"$(inherited)",
					"@executable_path/Frameworks",
					"@loader_path/Frameworks",
				);
				PRODUCT_BUNDLE_IDENTIFIER = com.ahmad.pitchPerfectTests;
				PRODUCT_NAME = "$(TARGET_NAME)";
				SWIFT_VERSION = 4.2;
				TARGETED_DEVICE_FAMILY = "1,2";
				TEST_HOST = "$(BUILT_PRODUCTS_DIR)/pitchPerfect.app/pitchPerfect";
			};
			name = Release;
		};
		E0773E08217B5A230004A46A /* Debug */ = {
			isa = XCBuildConfiguration;
			buildSettings = {
				ALWAYS_EMBED_SWIFT_STANDARD_LIBRARIES = YES;
				CODE_SIGN_STYLE = Automatic;
				INFOPLIST_FILE = pitchPerfectUITests/Info.plist;
				LD_RUNPATH_SEARCH_PATHS = (
					"$(inherited)",
					"@executable_path/Frameworks",
					"@loader_path/Frameworks",
				);
				PRODUCT_BUNDLE_IDENTIFIER = com.ahmad.pitchPerfectUITests;
				PRODUCT_NAME = "$(TARGET_NAME)";
				SWIFT_VERSION = 4.2;
				TARGETED_DEVICE_FAMILY = "1,2";
				TEST_TARGET_NAME = pitchPerfect;
			};
			name = Debug;
		};
		E0773E09217B5A230004A46A /* Release */ = {
			isa = XCBuildConfiguration;
			buildSettings = {
				ALWAYS_EMBED_SWIFT_STANDARD_LIBRARIES = YES;
				CODE_SIGN_STYLE = Automatic;
				INFOPLIST_FILE = pitchPerfectUITests/Info.plist;
				LD_RUNPATH_SEARCH_PATHS = (
					"$(inherited)",
					"@executable_path/Frameworks",
					"@loader_path/Frameworks",
				);
				PRODUCT_BUNDLE_IDENTIFIER = com.ahmad.pitchPerfectUITests;
				PRODUCT_NAME = "$(TARGET_NAME)";
				SWIFT_VERSION = 4.2;
				TARGETED_DEVICE_FAMILY = "1,2";
				TEST_TARGET_NAME = pitchPerfect;
			};
			name = Release;
		};
/* End XCBuildConfiguration section */

/* Begin XCConfigurationList section */
		E0773DD4217B5A210004A46A /* Build configuration list for PBXProject "pitchPerfect" */ = {
			isa = XCConfigurationList;
			buildConfigurations = (
				E0773DFF217B5A230004A46A /* Debug */,
				E0773E00217B5A230004A46A /* Release */,
			);
			defaultConfigurationIsVisible = 0;
			defaultConfigurationName = Release;
		};
		E0773E01217B5A230004A46A /* Build configuration list for PBXNativeTarget "pitchPerfect" */ = {
			isa = XCConfigurationList;
			buildConfigurations = (
				E0773E02217B5A230004A46A /* Debug */,
				E0773E03217B5A230004A46A /* Release */,
			);
			defaultConfigurationIsVisible = 0;
			defaultConfigurationName = Release;
		};
		E0773E04217B5A230004A46A /* Build configuration list for PBXNativeTarget "pitchPerfectTests" */ = {
			isa = XCConfigurationList;
			buildConfigurations = (
				E0773E05217B5A230004A46A /* Debug */,
				E0773E06217B5A230004A46A /* Release */,
			);
			defaultConfigurationIsVisible = 0;
			defaultConfigurationName = Release;
		};
		E0773E07217B5A230004A46A /* Build configuration list for PBXNativeTarget "pitchPerfectUITests" */ = {
			isa = XCConfigurationList;
			buildConfigurations = (
				E0773E08217B5A230004A46A /* Debug */,
				E0773E09217B5A230004A46A /* Release */,
			);
			defaultConfigurationIsVisible = 0;
			defaultConfigurationName = Release;
		};
/* End XCConfigurationList section */
	};
	rootObject = E0773DD1217B5A210004A46A /* Project object */;
}
